
Microsoft Visual Studio Solution File, Format Version 12.00
# Visual Studio Version 17
VisualStudioVersion = 17.6.33815.320
MinimumVisualStudioVersion = 10.0.40219.1
Project("{9A19103F-16F7-4668-BE54-9A1E7A4F7556}") = "LibertyVilla_Server", "LibertyVilla_Server\LibertyVilla_Server.csproj", "{D65EA07C-A00F-4B1A-80E6-E010B74D7D4C}"
EndProject
Project("{9A19103F-16F7-4668-BE54-9A1E7A4F7556}") = "DataAccess", "DataAccess\DataAccess.csproj", "{AAA71F36-666A-4E44-A978-5756F550C6CA}"
EndProject
Project("{9A19103F-16F7-4668-BE54-9A1E7A4F7556}") = "Common", "Common\Common.csproj", "{9B7171E0-22CB-4D7A-8BB4-A55C1015ABAF}"
EndProject
Project("{9A19103F-16F7-4668-BE54-9A1E7A4F7556}") = "Business", "Business\Business.csproj", "{334F5BD4-15CD-4BD5-89AD-DE85E478C392}"
EndProject
Project("{9A19103F-16F7-4668-BE54-9A1E7A4F7556}") = "Models", "Models\Models.csproj", "{663F39B4-F9DA-4E63-871F-C911B5C8329E}"
EndProject
Project("{9A19103F-16F7-4668-BE54-9A1E7A4F7556}") = "LibertyVilla_WebApi", "LibertyVilla_WebApi\LibertyVilla_WebApi.csproj", "{F3826FDD-07E0-491E-946B-2E06CC283ABE}"
EndProject
Project("{9A19103F-16F7-4668-BE54-9A1E7A4F7556}") = "VillaClient.Server", "VillaClient\Server\VillaClient.Server.csproj", "{A640685D-9C56-4935-8D4A-891ACFA439D4}"
EndProject
Project("{9A19103F-16F7-4668-BE54-9A1E7A4F7556}") = "VillaClient.Client", "VillaClient\Client\VillaClient.Client.csproj", "{14959E5B-C448-42B1-B9D3-BCB7AD7FA186}"
EndProject
Project("{9A19103F-16F7-4668-BE54-9A1E7A4F7556}") = "VillaClient.Shared", "VillaClient\Shared\VillaClient.Shared.csproj", "{18CD3D3C-17B8-4E01-B977-D53B4C9C8DBB}"
EndProject
Global
	GlobalSection(SolutionConfigurationPlatforms) = preSolution
		Debug|Any CPU = Debug|Any CPU
		Release|Any CPU = Release|Any CPU
	EndGlobalSection
	GlobalSection(ProjectConfigurationPlatforms) = postSolution
		{D65EA07C-A00F-4B1A-80E6-E010B74D7D4C}.Debug|Any CPU.ActiveCfg = Debug|Any CPU
		{D65EA07C-A00F-4B1A-80E6-E010B74D7D4C}.Debug|Any CPU.Build.0 = Debug|Any CPU
		{D65EA07C-A00F-4B1A-80E6-E010B74D7D4C}.Release|Any CPU.ActiveCfg = Release|Any CPU
		{D65EA07C-A00F-4B1A-80E6-E010B74D7D4C}.Release|Any CPU.Build.0 = Release|Any CPU
		{AAA71F36-666A-4E44-A978-5756F550C6CA}.Debug|Any CPU.ActiveCfg = Debug|Any CPU
		{AAA71F36-666A-4E44-A978-5756F550C6CA}.Debug|Any CPU.Build.0 = Debug|Any CPU
		{AAA71F36-666A-4E44-A978-5756F550C6CA}.Release|Any CPU.ActiveCfg = Release|Any CPU
		{AAA71F36-666A-4E44-A978-5756F550C6CA}.Release|Any CPU.Build.0 = Release|Any CPU
		{9B7171E0-22CB-4D7A-8BB4-A55C1015ABAF}.Debug|Any CPU.ActiveCfg = Debug|Any CPU
		{9B7171E0-22CB-4D7A-8BB4-A55C1015ABAF}.Debug|Any CPU.Build.0 = Debug|Any CPU
		{9B7171E0-22CB-4D7A-8BB4-A55C1015ABAF}.Release|Any CPU.ActiveCfg = Release|Any CPU
		{9B7171E0-22CB-4D7A-8BB4-A55C1015ABAF}.Release|Any CPU.Build.0 = Release|Any CPU
		{334F5BD4-15CD-4BD5-89AD-DE85E478C392}.Debug|Any CPU.ActiveCfg = Debug|Any CPU
		{334F5BD4-15CD-4BD5-89AD-DE85E478C392}.Debug|Any CPU.Build.0 = Debug|Any CPU
		{334F5BD4-15CD-4BD5-89AD-DE85E478C392}.Release|Any CPU.ActiveCfg = Release|Any CPU
		{334F5BD4-15CD-4BD5-89AD-DE85E478C392}.Release|Any CPU.Build.0 = Release|Any CPU
		{663F39B4-F9DA-4E63-871F-C911B5C8329E}.Debug|Any CPU.ActiveCfg = Debug|Any CPU
		{663F39B4-F9DA-4E63-871F-C911B5C8329E}.Debug|Any CPU.Build.0 = Debug|Any CPU
		{663F39B4-F9DA-4E63-871F-C911B5C8329E}.Release|Any CPU.ActiveCfg = Release|Any CPU
		{663F39B4-F9DA-4E63-871F-C911B5C8329E}.Release|Any CPU.Build.0 = Release|Any CPU
		{F3826FDD-07E0-491E-946B-2E06CC283ABE}.Debug|Any CPU.ActiveCfg = Debug|Any CPU
		{F3826FDD-07E0-491E-946B-2E06CC283ABE}.Debug|Any CPU.Build.0 = Debug|Any CPU
		{F3826FDD-07E0-491E-946B-2E06CC283ABE}.Release|Any CPU.ActiveCfg = Release|Any CPU
		{F3826FDD-07E0-491E-946B-2E06CC283ABE}.Release|Any CPU.Build.0 = Release|Any CPU
		{A640685D-9C56-4935-8D4A-891ACFA439D4}.Debug|Any CPU.ActiveCfg = Debug|Any CPU
		{A640685D-9C56-4935-8D4A-891ACFA439D4}.Debug|Any CPU.Build.0 = Debug|Any CPU
		{A640685D-9C56-4935-8D4A-891ACFA439D4}.Release|Any CPU.ActiveCfg = Release|Any CPU
		{A640685D-9C56-4935-8D4A-891ACFA439D4}.Release|Any CPU.Build.0 = Release|Any CPU
		{14959E5B-C448-42B1-B9D3-BCB7AD7FA186}.Debug|Any CPU.ActiveCfg = Debug|Any CPU
		{14959E5B-C448-42B1-B9D3-BCB7AD7FA186}.Debug|Any CPU.Build.0 = Debug|Any CPU
		{14959E5B-C448-42B1-B9D3-BCB7AD7FA186}.Release|Any CPU.ActiveCfg = Release|Any CPU
		{14959E5B-C448-42B1-B9D3-BCB7AD7FA186}.Release|Any CPU.Build.0 = Release|Any CPU
		{18CD3D3C-17B8-4E01-B977-D53B4C9C8DBB}.Debug|Any CPU.ActiveCfg = Debug|Any CPU
		{18CD3D3C-17B8-4E01-B977-D53B4C9C8DBB}.Debug|Any CPU.Build.0 = Debug|Any CPU
		{18CD3D3C-17B8-4E01-B977-D53B4C9C8DBB}.Release|Any CPU.ActiveCfg = Release|Any CPU
		{18CD3D3C-17B8-4E01-B977-D53B4C9C8DBB}.Release|Any CPU.Build.0 = Release|Any CPU
	EndGlobalSection
	GlobalSection(SolutionProperties) = preSolution
		HideSolutionNode = FALSE
	EndGlobalSection
	GlobalSection(ExtensibilityGlobals) = postSolution
		SolutionGuid = {D8330242-15AD-4BEC-BAFC-1F87127FB4C5}
	EndGlobalSection
EndGlobal
